
Microsoft Visual Studio Solution File, Format Version 12.00
# Visual Studio Version 17
VisualStudioVersion = 17.0.31825.309
MinimumVisualStudioVersion = 10.0.40219.1
Project("{9A19103F-16F7-4668-BE54-9A1E7A4F7556}") = "Corporate.Havan.Schedule.Api", "Corporate.Havan.Schedule.Api\Corporate.Havan.Schedule.Api.csproj", "{B4A22A0C-DA8B-4ED4-8524-9E092D19C974}"
EndProject
Project("{9A19103F-16F7-4668-BE54-9A1E7A4F7556}") = "Corporate.Havan.Schedule.Application", "Corporate.Havan.Schedule.Application\Corporate.Havan.Schedule.Application.csproj", "{2517CDEB-C9A2-4BA3-8DD5-C1FB3846965E}"
EndProject
Project("{9A19103F-16F7-4668-BE54-9A1E7A4F7556}") = "Corporate.Havan.Schedule.Domain", "Corporate.Havan.Schedule.Domain\Corporate.Havan.Schedule.Domain.csproj", "{32DA784B-B084-4D1A-8630-31FE8987147A}"
EndProject
Project("{9A19103F-16F7-4668-BE54-9A1E7A4F7556}") = "Corporate.Havan.Schedule.Infra", "Corporate.Havan.Schedule.Infra\Corporate.Havan.Schedule.Infra.csproj", "{63436FF6-1E49-4286-8E0B-A874007A5136}"
EndProject
Project("{FAE04EC0-301F-11D3-BF4B-00C04F79EFBC}") = "Corporate.Havan.Schedule.Test", "Corporate.Havan.Schedule.Test\Corporate.Havan.Schedule.Test.csproj", "{DC16DCDA-6C34-4E44-89B4-F595B0EEE0CE}"
EndProject
Global
	GlobalSection(SolutionConfigurationPlatforms) = preSolution
		Debug|Any CPU = Debug|Any CPU
		Release|Any CPU = Release|Any CPU
	EndGlobalSection
	GlobalSection(ProjectConfigurationPlatforms) = postSolution
		{B4A22A0C-DA8B-4ED4-8524-9E092D19C974}.Debug|Any CPU.ActiveCfg = Debug|Any CPU
		{B4A22A0C-DA8B-4ED4-8524-9E092D19C974}.Debug|Any CPU.Build.0 = Debug|Any CPU
		{B4A22A0C-DA8B-4ED4-8524-9E092D19C974}.Release|Any CPU.ActiveCfg = Release|Any CPU
		{B4A22A0C-DA8B-4ED4-8524-9E092D19C974}.Release|Any CPU.Build.0 = Release|Any CPU
		{2517CDEB-C9A2-4BA3-8DD5-C1FB3846965E}.Debug|Any CPU.ActiveCfg = Debug|Any CPU
		{2517CDEB-C9A2-4BA3-8DD5-C1FB3846965E}.Debug|Any CPU.Build.0 = Debug|Any CPU
		{2517CDEB-C9A2-4BA3-8DD5-C1FB3846965E}.Release|Any CPU.ActiveCfg = Release|Any CPU
		{2517CDEB-C9A2-4BA3-8DD5-C1FB3846965E}.Release|Any CPU.Build.0 = Release|Any CPU
		{32DA784B-B084-4D1A-8630-31FE8987147A}.Debug|Any CPU.ActiveCfg = Debug|Any CPU
		{32DA784B-B084-4D1A-8630-31FE8987147A}.Debug|Any CPU.Build.0 = Debug|Any CPU
		{32DA784B-B084-4D1A-8630-31FE8987147A}.Release|Any CPU.ActiveCfg = Release|Any CPU
		{32DA784B-B084-4D1A-8630-31FE8987147A}.Release|Any CPU.Build.0 = Release|Any CPU
		{63436FF6-1E49-4286-8E0B-A874007A5136}.Debug|Any CPU.ActiveCfg = Debug|Any CPU
		{63436FF6-1E49-4286-8E0B-A874007A5136}.Debug|Any CPU.Build.0 = Debug|Any CPU
		{63436FF6-1E49-4286-8E0B-A874007A5136}.Release|Any CPU.ActiveCfg = Release|Any CPU
		{63436FF6-1E49-4286-8E0B-A874007A5136}.Release|Any CPU.Build.0 = Release|Any CPU
		{DC16DCDA-6C34-4E44-89B4-F595B0EEE0CE}.Debug|Any CPU.ActiveCfg = Debug|Any CPU
		{DC16DCDA-6C34-4E44-89B4-F595B0EEE0CE}.Debug|Any CPU.Build.0 = Debug|Any CPU
		{DC16DCDA-6C34-4E44-89B4-F595B0EEE0CE}.Release|Any CPU.ActiveCfg = Release|Any CPU
		{DC16DCDA-6C34-4E44-89B4-F595B0EEE0CE}.Release|Any CPU.Build.0 = Release|Any CPU
	EndGlobalSection
	GlobalSection(SolutionProperties) = preSolution
		HideSolutionNode = FALSE
	EndGlobalSection
	GlobalSection(ExtensibilityGlobals) = postSolution
		SolutionGuid = {EC45CB96-18D3-4E9F-9AC9-E1D250B9D591}
	EndGlobalSection
EndGlobal
